sha: 38a5a25d415f12dfd7fa8cc81e985da9907dc94e
repo: jebel-quant/rhiza
host: github
ref: v0.11.0
include: []
exclude:
- .rhiza/docs/
templates:
- github
- github-marimo
files:
- .bandit
- .editorconfig
- .github/DISCUSSION_TEMPLATE/q-and-a.yml
- .github/ISSUE_TEMPLATE/bug_report.yml
- .github/ISSUE_TEMPLATE/feature_request.yml
- .github/actions/configure-git-auth/README.md
- .github/actions/configure-git-auth/action.yml
- .github/dependabot.yml
- .github/secret_scanning.yml
- .github/workflows/rhiza_marimo.yml
- .github/workflows/rhiza_release.yml
- .github/workflows/rhiza_sync.yml
- .gitignore
- .pre-commit-config.yaml
- .python-version
- .rhiza/.cfg.toml
- .rhiza/.env
- .rhiza/.gitignore
- .rhiza/.rhiza-version
- .rhiza/assets/rhiza-logo.svg
- .rhiza/make.d/book.mk
- .rhiza/make.d/bootstrap.mk
- .rhiza/make.d/custom-env.mk
- .rhiza/make.d/custom-task.mk
- .rhiza/make.d/marimo.mk
- .rhiza/make.d/quality.mk
- .rhiza/make.d/releasing.mk
- .rhiza/requirements/README.md
- .rhiza/requirements/docs.txt
- .rhiza/requirements/marimo.txt
- .rhiza/requirements/tools.txt
- .rhiza/rhiza.mk
- .rhiza/utils/pip_audit_policy.py
- .rhiza/utils/suppression_audit.py
- Makefile
- docs/assets/rhiza-logo.svg
- docs/development/MARIMO.md
- docs/index.md
- docs/mkdocs-base.yml
- ruff.toml
synced_at: '2026-05-24T13:24:49Z'
strategy: merge
