sha: de568b1e79e5871c58b4349762ce9dfd31d73e99
repo: jebel-quant/rhiza
host: github
ref: v1.5.1
include: []
exclude:
- SECURITY.md
- .github/CONFIG.md
templates:
- legal
profiles:
- github-project
files:
- .bandit
- .editorconfig
- .github/dependabot.yml
- .github/release.yml
- .github/rulesets/main-branch-protection.json
- .github/rulesets/tag-protection.json
- .github/secret_scanning.yml
- .github/workflows/rhiza_benchmark.yml
- .github/workflows/rhiza_book.yml
- .github/workflows/rhiza_ci.yml
- .github/workflows/rhiza_codeql.yml
- .github/workflows/rhiza_marimo.yml
- .github/workflows/rhiza_release.yml
- .github/workflows/rhiza_scorecard.yml
- .github/workflows/rhiza_weekly.yml
- .gitignore
- .pre-commit-config.yaml
- .python-version
- .rhiza/CODE_OF_CONDUCT.md
- .rhiza/CONTRIBUTING.md
- .rhiza/semgrep.yml
- LICENSE
- Makefile
- cliff.toml
- docs/assets/rhiza-logo.svg
- docs/development/MARIMO.md
- docs/development/TESTS.md
- docs/index.md
- docs/mkdocs-base.yml
- pytest.ini
- ruff.toml
- tests/test_rhiza_packaging.py
synced_at: '2026-08-23T11:59:50Z'
strategy: merge
